
Microsoft Visual Studio Solution File, Format Version 12.00
# Visual Studio Version 16
VisualStudioVersion = 16.0.31205.134
MinimumVisualStudioVersion = 10.0.40219.1
Project("{FAE04EC0-301F-11D3-BF4B-00C04F79EFBC}") = "StackOverFlow", "StackOverFlow\StackOverFlow.csproj", "{EAD02431-8738-4FE5-8C59-26FBE4883FC4}"
EndProject
Global
	GlobalSection(SolutionConfigurationPlatforms) = preSolution
		Debug|Any CPU = Debug|Any CPU
		Release|Any CPU = Release|Any CPU
	EndGlobalSection
	GlobalSection(ProjectConfigurationPlatforms) = postSolution
		{EAD02431-8738-4FE5-8C59-26FBE4883FC4}.Debug|Any CPU.ActiveCfg = Debug|Any CPU
		{EAD02431-8738-4FE5-8C59-26FBE4883FC4}.Debug|Any CPU.Build.0 = Debug|Any CPU
		{EAD02431-8738-4FE5-8C59-26FBE4883FC4}.Release|Any CPU.ActiveCfg = Release|Any CPU
		{EAD02431-8738-4FE5-8C59-26FBE4883FC4}.Release|Any CPU.Build.0 = Release|Any CPU
	EndGlobalSection
	GlobalSection(SolutionProperties) = preSolution
		HideSolutionNode = FALSE
	EndGlobalSection
	GlobalSection(ExtensibilityGlobals) = postSolution
		SolutionGuid = {3EF64E03-012E-4260-99AE-2AB05ED3502E}
	EndGlobalSection
EndGlobal
