
Microsoft Visual Studio Solution File, Format Version 12.00
# Visual Studio Version 16
VisualStudioVersion = 16.0.31205.134
MinimumVisualStudioVersion = 10.0.40219.1
Project("{FAE04EC0-301F-11D3-BF4B-00C04F79EFBC}") = "TestApp", "TestApp\TestApp.csproj", "{33111245-DE3D-445B-81ED-E0347BF18569}"
EndProject
Global
	GlobalSection(SolutionConfigurationPlatforms) = preSolution
		Debug|Any CPU = Debug|Any CPU
		Release|Any CPU = Release|Any CPU
	EndGlobalSection
	GlobalSection(ProjectConfigurationPlatforms) = postSolution
		{33111245-DE3D-445B-81ED-E0347BF18569}.Debug|Any CPU.ActiveCfg = Debug|Any CPU
		{33111245-DE3D-445B-81ED-E0347BF18569}.Debug|Any CPU.Build.0 = Debug|Any CPU
		{33111245-DE3D-445B-81ED-E0347BF18569}.Release|Any CPU.ActiveCfg = Release|Any CPU
		{33111245-DE3D-445B-81ED-E0347BF18569}.Release|Any CPU.Build.0 = Release|Any CPU
	EndGlobalSection
	GlobalSection(SolutionProperties) = preSolution
		HideSolutionNode = FALSE
	EndGlobalSection
	GlobalSection(ExtensibilityGlobals) = postSolution
		SolutionGuid = {41AB0B49-1CAC-4B75-8968-58A5755A1BCA}
	EndGlobalSection
EndGlobal
