
Microsoft Visual Studio Solution File, Format Version 12.00
# Visual Studio Version 16
VisualStudioVersion = 16.0.31205.134
MinimumVisualStudioVersion = 10.0.40219.1
Project("{FAE04EC0-301F-11D3-BF4B-00C04F79EFBC}") = "MvcMovies.Tests", "MvcMovies.Tests\MvcMovies.Tests.csproj", "{37B2A093-3156-4C95-BE2A-9A0977120A21}"
EndProject
Global
	GlobalSection(SolutionConfigurationPlatforms) = preSolution
		Debug|Any CPU = Debug|Any CPU
		Release|Any CPU = Release|Any CPU
	EndGlobalSection
	GlobalSection(ProjectConfigurationPlatforms) = postSolution
		{37B2A093-3156-4C95-BE2A-9A0977120A21}.Debug|Any CPU.ActiveCfg = Debug|Any CPU
		{37B2A093-3156-4C95-BE2A-9A0977120A21}.Debug|Any CPU.Build.0 = Debug|Any CPU
		{37B2A093-3156-4C95-BE2A-9A0977120A21}.Release|Any CPU.ActiveCfg = Release|Any CPU
		{37B2A093-3156-4C95-BE2A-9A0977120A21}.Release|Any CPU.Build.0 = Release|Any CPU
	EndGlobalSection
	GlobalSection(SolutionProperties) = preSolution
		HideSolutionNode = FALSE
	EndGlobalSection
	GlobalSection(ExtensibilityGlobals) = postSolution
		SolutionGuid = {1D97D2B6-EE06-45A2-8EC9-4A0AF225F515}
	EndGlobalSection
EndGlobal
